
Microsoft Visual Studio Solution File, Format Version 12.00
# Visual Studio Version 16
VisualStudioVersion = 16.0.29519.87
MinimumVisualStudioVersion = 10.0.40219.1
Project("{9A19103F-16F7-4668-BE54-9A1E7A4F7556}") = "APICORE_WEBAPP", "APICORE_WEBAPP.csproj", "{26715F92-AD38-4BBC-9695-BD690AF83CB3}"
EndProject
Global
	GlobalSection(SolutionConfigurationPlatforms) = preSolution
		Debug|Any CPU = Debug|Any CPU
		Release|Any CPU = Release|Any CPU
	EndGlobalSection
	GlobalSection(ProjectConfigurationPlatforms) = postSolution
		{26715F92-AD38-4BBC-9695-BD690AF83CB3}.Debug|Any CPU.ActiveCfg = Debug|Any CPU
		{26715F92-AD38-4BBC-9695-BD690AF83CB3}.Debug|Any CPU.Build.0 = Debug|Any CPU
		{26715F92-AD38-4BBC-9695-BD690AF83CB3}.Release|Any CPU.ActiveCfg = Release|Any CPU
		{26715F92-AD38-4BBC-9695-BD690AF83CB3}.Release|Any CPU.Build.0 = Release|Any CPU
	EndGlobalSection
	GlobalSection(SolutionProperties) = preSolution
		HideSolutionNode = FALSE
	EndGlobalSection
	GlobalSection(ExtensibilityGlobals) = postSolution
		SolutionGuid = {B5F0C936-67BA-473F-AB68-42CCC413BBE5}
	EndGlobalSection
EndGlobal
